// !$*UTF8*$!
{
	archiveVersion = 1;
	classes = {
	};
	objectVersion = 56;
	objects = {

/* Begin PBXBuildFile section */
		494D2914291C7C56002E2FA6 /* AppDelegate.swift in Sources */ = {isa = PBXBuildFile; fileRef = 494D2913291C7C56002E2FA6 /* AppDelegate.swift */; };
		494D2916291C7C56002E2FA6 /* SceneDelegate.swift in Sources */ = {isa = PBXBuildFile; fileRef = 494D2915291C7C56002E2FA6 /* SceneDelegate.swift */; };
		494D2918291C7C56002E2FA6 /* ViewController.swift in Sources */ = {isa = PBXBuildFile; fileRef = 494D2917291C7C56002E2FA6 /* ViewController.swift */; };
		494D291B291C7C56002E2FA6 /* Main.storyboard in Resources */ = {isa = PBXBuildFile; fileRef = 494D2919291C7C56002E2FA6 /* Main.storyboard */; };
		494D291E291C7C56002E2FA6 /* TodoList.xcdatamodeld in Sources */ = {isa = PBXBuildFile; fileRef = 494D291C291C7C56002E2FA6 /* TodoList.xcdatamodeld */; };
		494D2920291C7C57002E2FA6 /* Assets.xcassets in Resources */ = {isa = PBXBuildFile; fileRef = 494D291F291C7C57002E2FA6 /* Assets.xcassets */; };
		494D2923291C7C57002E2FA6 /* LaunchScreen.storyboard in Resources */ = {isa = PBXBuildFile; fileRef = 494D2921291C7C57002E2FA6 /* LaunchScreen.storyboard */; };
		494D292E291C7C57002E2FA6 /* TodoListTests.swift in Sources */ = {isa = PBXBuildFile; fileRef = 494D292D291C7C57002E2FA6 /* TodoListTests.swift */; };
		494D2938291C7C57002E2FA6 /* TodoListUITests.swift in Sources */ = {isa = PBXBuildFile; fileRef = 494D2937291C7C57002E2FA6 /* TodoListUITests.swift */; };
		494D293A291C7C57002E2FA6 /* TodoListUITestsLaunchTests.swift in Sources */ = {isa = PBXBuildFile; fileRef = 494D2939291C7C57002E2FA6 /* TodoListUITestsLaunchTests.swift */; };
/* End PBXBuildFile section */

/* Begin PBXContainerItemProxy section */
		494D292A291C7C57002E2FA6 /* PBXContainerItemProxy */ = {
			isa = PBXContainerItemProxy;
			containerPortal = 494D2908291C7C56002E2FA6 /* Project object */;
			proxyType = 1;
			remoteGlobalIDString = 494D290F291C7C56002E2FA6;
			remoteInfo = TodoList;
		};
		494D2934291C7C57002E2FA6 /* PBXContainerItemProxy */ = {
			isa = PBXContainerItemProxy;
			containerPortal = 494D2908291C7C56002E2FA6 /* Project object */;
			proxyType = 1;
			remoteGlobalIDString = 494D290F291C7C56002E2FA6;
			remoteInfo = TodoList;
		};
/* End PBXContainerItemProxy section */

/* Begin PBXFileReference section */
		494D2910291C7C56002E2FA6 /* TodoList.app */ = {isa = PBXFileReference; explicitFileType = wrapper.application; includeInIndex = 0; path = TodoList.app; sourceTree = BUILT_PRODUCTS_DIR; };
		494D2913291C7C56002E2FA6 /* AppDelegate.swift */ = {isa = PBXFileReference; lastKnownFileType = sourcecode.swift; path = AppDelegate.swift; sourceTree = "<group>"; };
		494D2915291C7C56002E2FA6 /* SceneDelegate.swift */ = {isa = PBXFileReference; lastKnownFileType = sourcecode.swift; path = SceneDelegate.swift; sourceTree = "<group>"; };
		494D2917291C7C56002E2FA6 /* ViewController.swift */ = {isa = PBXFileReference; lastKnownFileType = sourcecode.swift; path = ViewController.swift; sourceTree = "<group>"; };
		494D291A291C7C56002E2FA6 /* Base */ = {isa = PBXFileReference; lastKnownFileType = file.storyboard; name = Base; path = Base.lproj/Main.storyboard; sourceTree = "<group>"; };
		494D291D291C7C56002E2FA6 /* TodoList.xcdatamodel */ = {isa = PBXFileReference; lastKnownFileType = wrapper.xcdatamodel; path = TodoList.xcdatamodel; sourceTree = "<group>"; };
		494D291F291C7C57002E2FA6 /* Assets.xcassets */ = {isa = PBXFileReference; lastKnownFileType = folder.assetcatalog; path = Assets.xcassets; sourceTree = "<group>"; };
		494D2922291C7C57002E2FA6 /* Base */ = {isa = PBXFileReference; lastKnownFileType = file.storyboard; name = Base; path = Base.lproj/LaunchScreen.storyboard; sourceTree = "<group>"; };
		494D2924291C7C57002E2FA6 /* Info.plist */ = {isa = PBXFileReference; lastKnownFileType = text.plist.xml; path = Info.plist; sourceTree = "<group>"; };
		494D2929291C7C57002E2FA6 /* TodoListTests.xctest */ = {isa = PBXFileReference; explicitFileType = wrapper.cfbundle; includeInIndex = 0; path = TodoListTests.xctest; sourceTree = BUILT_PRODUCTS_DIR; };
		494D292D291C7C57002E2FA6 /* TodoListTests.swift */ = {isa = PBXFileReference; lastKnownFileType = sourcecode.swift; path = TodoListTests.swift; sourceTree = "<group>"; };
		494D2933291C7C57002E2FA6 /* TodoListUITests.xctest */ = {isa = PBXFileReference; explicitFileType = wrapper.cfbundle; includeInIndex = 0; path = TodoListUITests.xctest; sourceTree = BUILT_PRODUCTS_DIR; };
		494D2937291C7C57002E2FA6 /* TodoListUITests.swift */ = {isa = PBXFileReference; lastKnownFileType = sourcecode.swift; path = TodoListUITests.swift; sourceTree = "<group>"; };
		494D2939291C7C57002E2FA6 /* TodoListUITestsLaunchTests.swift */ = {isa = PBXFileReference; lastKnownFileType = sourcecode.swift; path = TodoListUITestsLaunchTests.swift; sourceTree = "<group>"; };
/* End PBXFileReference section */

/* Begin PBXFrameworksBuildPhase section */
		494D290D291C7C56002E2FA6 /* Frameworks */ = {
			isa = PBXFrameworksBuildPhase;
			buildActionMask = 2147483647;
			files = (
			);
			runOnlyForDeploymentPostprocessing = 0;
		};
		494D2926291C7C57002E2FA6 /* Frameworks */ = {
			isa = PBXFrameworksBuildPhase;
			buildActionMask = 2147483647;
			files = (
			);
			runOnlyForDeploymentPostprocessing = 0;
		};
		494D2930291C7C57002E2FA6 /* Frameworks */ = {
			isa = PBXFrameworksBuildPhase;
			buildActionMask = 2147483647;
			files = (
			);
			runOnlyForDeploymentPostprocessing = 0;
		};
/* End PBXFrameworksBuildPhase section */

/* Begin PBXGroup section */
		494D2907291C7C56002E2FA6 = {
			isa = PBXGroup;
			children = (
				494D2912291C7C56002E2FA6 /* TodoList */,
				494D292C291C7C57002E2FA6 /* TodoListTests */,
				494D2936291C7C57002E2FA6 /* TodoListUITests */,
				494D2911291C7C56002E2FA6 /* Products */,
			);
			sourceTree = "<group>";
		};
		494D2911291C7C56002E2FA6 /* Products */ = {
			isa = PBXGroup;
			children = (
				494D2910291C7C56002E2FA6 /* TodoList.app */,
				494D2929291C7C57002E2FA6 /* TodoListTests.xctest */,
				494D2933291C7C57002E2FA6 /* TodoListUITests.xctest */,
			);
			name = Products;
			sourceTree = "<group>";
		};
		494D2912291C7C56002E2FA6 /* TodoList */ = {
			isa = PBXGroup;
			children = (
				494D2913291C7C56002E2FA6 /* AppDelegate.swift */,
				494D2915291C7C56002E2FA6 /* SceneDelegate.swift */,
				494D2917291C7C56002E2FA6 /* ViewController.swift */,
				494D2919291C7C56002E2FA6 /* Main.storyboard */,
				494D291F291C7C57002E2FA6 /* Assets.xcassets */,
				494D2921291C7C57002E2FA6 /* LaunchScreen.storyboard */,
				494D2924291C7C57002E2FA6 /* Info.plist */,
				494D291C291C7C56002E2FA6 /* TodoList.xcdatamodeld */,
			);
			path = TodoList;
			sourceTree = "<group>";
		};
		494D292C291C7C57002E2FA6 /* TodoListTests */ = {
			isa = PBXGroup;
			children = (
				494D292D291C7C57002E2FA6 /* TodoListTests.swift */,
			);
			path = TodoListTests;
			sourceTree = "<group>";
		};
		494D2936291C7C57002E2FA6 /* TodoListUITests */ = {
			isa = PBXGroup;
			children = (
				494D2937291C7C57002E2FA6 /* TodoListUITests.swift */,
				494D2939291C7C57002E2FA6 /* TodoListUITestsLaunchTests.swift */,
			);
			path = TodoListUITests;
			sourceTree = "<group>";
		};
/* End PBXGroup section */

/* Begin PBXNativeTarget section */
		494D290F291C7C56002E2FA6 /* TodoList */ = {
			isa = PBXNativeTarget;
			buildConfigurationList = 494D293D291C7C57002E2FA6 /* Build configuration list for PBXNativeTarget "TodoList" */;
			buildPhases = (
				494D290C291C7C56002E2FA6 /* Sources */,
				494D290D291C7C56002E2FA6 /* Frameworks */,
				494D290E291C7C56002E2FA6 /* Resources */,
			);
			buildRules = (
			);
			dependencies = (
			);
			name = TodoList;
			productName = TodoList;
			productReference = 494D2910291C7C56002E2FA6 /* TodoList.app */;
			productType = "com.apple.product-type.application";
		};
		494D2928291C7C57002E2FA6 /* TodoListTests */ = {
			isa = PBXNativeTarget;
			buildConfigurationList = 494D2940291C7C57002E2FA6 /* Build configuration list for PBXNativeTarget "TodoListTests" */;
			buildPhases = (
				494D2925291C7C57002E2FA6 /* Sources */,
				494D2926291C7C57002E2FA6 /* Frameworks */,
				494D2927291C7C57002E2FA6 /* Resources */,
			);
			buildRules = (
			);
			dependencies = (
				494D292B291C7C57002E2FA6 /* PBXTargetDependency */,
			);
			name = TodoListTests;
			productName = TodoListTests;
			productReference = 494D2929291C7C57002E2FA6 /* TodoListTests.xctest */;
			productType = "com.apple.product-type.bundle.unit-test";
		};
		494D2932291C7C57002E2FA6 /* TodoListUITests */ = {
			isa = PBXNativeTarget;
			buildConfigurationList = 494D2943291C7C57002E2FA6 /* Build configuration list for PBXNativeTarget "TodoListUITests" */;
			buildPhases = (
				494D292F291C7C57002E2FA6 /* Sources */,
				494D2930291C7C57002E2FA6 /* Frameworks */,
				494D2931291C7C57002E2FA6 /* Resources */,
			);
			buildRules = (
			);
			dependencies = (
				494D2935291C7C57002E2FA6 /* PBXTargetDependency */,
			);
			name = TodoListUITests;
			productName = TodoListUITests;
			productReference = 494D2933291C7C57002E2FA6 /* TodoListUITests.xctest */;
			productType = "com.apple.product-type.bundle.ui-testing";
		};
/* End PBXNativeTarget section */

/* Begin PBXProject section */
		494D2908291C7C56002E2FA6 /* Project object */ = {
			isa = PBXProject;
			attributes = {
				BuildIndependentTargetsInParallel = 1;
				LastSwiftUpdateCheck = 1400;
				LastUpgradeCheck = 1400;
				TargetAttributes = {
					494D290F291C7C56002E2FA6 = {
						CreatedOnToolsVersion = 14.0.1;
					};
					494D2928291C7C57002E2FA6 = {
						CreatedOnToolsVersion = 14.0.1;
						TestTargetID = 494D290F291C7C56002E2FA6;
					};
					494D2932291C7C57002E2FA6 = {
						CreatedOnToolsVersion = 14.0.1;
						TestTargetID = 494D290F291C7C56002E2FA6;
					};
				};
			};
			buildConfigurationList = 494D290B291C7C56002E2FA6 /* Build configuration list for PBXProject "TodoList" */;
			compatibilityVersion = "Xcode 14.0";
			developmentRegion = en;
			hasScannedForEncodings = 0;
			knownRegions = (
				en,
				Base,
			);
			mainGroup = 494D2907291C7C56002E2FA6;
			productRefGroup = 494D2911291C7C56002E2FA6 /* Products */;
			projectDirPath = "";
			projectRoot = "";
			targets = (
				494D290F291C7C56002E2FA6 /* TodoList */,
				494D2928291C7C57002E2FA6 /* TodoListTests */,
				494D2932291C7C57002E2FA6 /* TodoListUITests */,
			);
		};
/* End PBXProject section */

/* Begin PBXResourcesBuildPhase section */
		494D290E291C7C56002E2FA6 /* Resources */ = {
			isa = PBXResourcesBuildPhase;
			buildActionMask = 2147483647;
			files = (
				494D2923291C7C57002E2FA6 /* LaunchScreen.storyboard in Resources */,
				494D2920291C7C57002E2FA6 /* Assets.xcassets in Resources */,
				494D291B291C7C56002E2FA6 /* Main.storyboard in Resources */,
			);
			runOnlyForDeploymentPostprocessing = 0;
		};
		494D2927291C7C57002E2FA6 /* Resources */ = {
			isa = PBXResourcesBuildPhase;
			buildActionMask = 2147483647;
			files = (
			);
			runOnlyForDeploymentPostprocessing = 0;
		};
		494D2931291C7C57002E2FA6 /* Resources */ = {
			isa = PBXResourcesBuildPhase;
			buildActionMask = 2147483647;
			files = (
			);
			runOnlyForDeploymentPostprocessing = 0;
		};
/* End PBXResourcesBuildPhase section */

/* Begin PBXSourcesBuildPhase section */
		494D290C291C7C56002E2FA6 /* Sources */ = {
			isa = PBXSourcesBuildPhase;
			buildActionMask = 2147483647;
			files = (
				494D2918291C7C56002E2FA6 /* ViewController.swift in Sources */,
				494D2914291C7C56002E2FA6 /* AppDelegate.swift in Sources */,
				494D2916291C7C56002E2FA6 /* SceneDelegate.swift in Sources */,
				494D291E291C7C56002E2FA6 /* TodoList.xcdatamodeld in Sources */,
			);
			runOnlyForDeploymentPostprocessing = 0;
		};
		494D2925291C7C57002E2FA6 /* Sources */ = {
			isa = PBXSourcesBuildPhase;
			buildActionMask = 2147483647;
			files = (
				494D292E291C7C57002E2FA6 /* TodoListTests.swift in Sources */,
			);
			runOnlyForDeploymentPostprocessing = 0;
		};
		494D292F291C7C57002E2FA6 /* Sources */ = {
			isa = PBXSourcesBuildPhase;
			buildActionMask = 2147483647;
			files = (
				494D293A291C7C57002E2FA6 /* TodoListUITestsLaunchTests.swift in Sources */,
				494D2938291C7C57002E2FA6 /* TodoListUITests.swift in Sources */,
			);
			runOnlyForDeploymentPostprocessing = 0;
		};
/* End PBXSourcesBuildPhase section */

/* Begin PBXTargetDependency section */
		494D292B291C7C57002E2FA6 /* PBXTargetDependency */ = {
			isa = PBXTargetDependency;
			target = 494D290F291C7C56002E2FA6 /* TodoList */;
			targetProxy = 494D292A291C7C57002E2FA6 /* PBXContainerItemProxy */;
		};
		494D2935291C7C57002E2FA6 /* PBXTargetDependency */ = {
			isa = PBXTargetDependency;
			target = 494D290F291C7C56002E2FA6 /* TodoList */;
			targetProxy = 494D2934291C7C57002E2FA6 /* PBXContainerItemProxy */;
		};
/* End PBXTargetDependency section */

/* Begin PBXVariantGroup section */
		494D2919291C7C56002E2FA6 /* Main.storyboard */ = {
			isa = PBXVariantGroup;
			children = (
				494D291A291C7C56002E2FA6 /* Base */,
			);
			name = Main.storyboard;
			sourceTree = "<group>";
		};
		494D2921291C7C57002E2FA6 /* LaunchScreen.storyboard */ = {
			isa = PBXVariantGroup;
			children = (
				494D2922291C7C57002E2FA6 /* Base */,
			);
			name = LaunchScreen.storyboard;
			sourceTree = "<group>";
		};
/* End PBXVariantGroup section */

/* Begin XCBuildConfiguration section */
		494D293B291C7C57002E2FA6 /* Debug */ = {
			isa = XCBuildConfiguration;
			buildSettings = {
				ALWAYS_SEARCH_USER_PATHS = NO;
				CLANG_ANALYZER_NONNULL = YES;
				CLANG_ANALYZER_NUMBER_OBJECT_CONVERSION = YES_AGGRESSIVE;
				CLANG_CXX_LANGUAGE_STANDARD = "gnu++20";
				CLANG_ENABLE_MODULES = YES;
				CLANG_ENABLE_OBJC_ARC = YES;
				CLANG_ENABLE_OBJC_WEAK = YES;
				CLANG_WARN_BLOCK_CAPTURE_AUTORELEASING = YES;
				CLANG_WARN_BOOL_CONVERSION = YES;
				CLANG_WARN_COMMA = YES;
				CLANG_WARN_CONSTANT_CONVERSION = YES;
				CLANG_WARN_DEPRECATED_OBJC_IMPLEMENTATIONS = YES;
				CLANG_WARN_DIRECT_OBJC_ISA_USAGE = YES_ERROR;
				CLANG_WARN_DOCUMENTATION_COMMENTS = YES;
				CLANG_WARN_EMPTY_BODY = YES;
				CLANG_WARN_ENUM_CONVERSION = YES;
				CLANG_WARN_INFINITE_RECURSION = YES;
				CLANG_WARN_INT_CONVERSION = YES;
				CLANG_WARN_NON_LITERAL_NULL_CONVERSION = YES;
				CLANG_WARN_OBJC_IMPLICIT_RETAIN_SELF = YES;
				CLANG_WARN_OBJC_LITERAL_CONVERSION = YES;
				CLANG_WARN_OBJC_ROOT_CLASS = YES_ERROR;
				CLANG_WARN_QUOTED_INCLUDE_IN_FRAMEWORK_HEADER = YES;
				CLANG_WARN_RANGE_LOOP_ANALYSIS = YES;
				CLANG_WARN_STRICT_PROTOTYPES = YES;
				CLANG_WARN_SUSPICIOUS_MOVE = YES;
				CLANG_WARN_UNGUARDED_AVAILABILITY = YES_AGGRESSIVE;
				CLANG_WARN_UNREACHABLE_CODE = YES;
				CLANG_WARN__DUPLICATE_METHOD_MATCH = YES;
				COPY_PHASE_STRIP = NO;
				DEBUG_INFORMATION_FORMAT = dwarf;
				ENABLE_STRICT_OBJC_MSGSEND = YES;
				ENABLE_TESTABILITY = YES;
				GCC_C_LANGUAGE_STANDARD = gnu11;
				GCC_DYNAMIC_NO_PIC = NO;
				GCC_NO_COMMON_BLOCKS = YES;
				GCC_OPTIMIZATION_LEVEL = 0;
				GCC_PREPROCESSOR_DEFINITIONS = (
					"DEBUG=1",
					"$(inherited)",
				);
				GCC_WARN_64_TO_32_BIT_CONVERSION = YES;
				GCC_WARN_ABOUT_RETURN_TYPE = YES_ERROR;
				GCC_WARN_UNDECLARED_SELECTOR = YES;
				GCC_WARN_UNINITIALIZED_AUTOS = YES_AGGRESSIVE;
				GCC_WARN_UNUSED_FUNCTION = YES;
				GCC_WARN_UNUSED_VARIABLE = YES;
				IPHONEOS_DEPLOYMENT_TARGET = 16.0;
				MTL_ENABLE_DEBUG_INFO = INCLUDE_SOURCE;
				MTL_FAST_MATH = YES;
				ONLY_ACTIVE_ARCH = YES;
				SDKROOT = iphoneos;
				SWIFT_ACTIVE_COMPILATION_CONDITIONS = DEBUG;
				SWIFT_OPTIMIZATION_LEVEL = "-Onone";
			};
			name = Debug;
		};
		494D293C291C7C57002E2FA6 /* Release */ = {
			isa = XCBuildConfiguration;
			buildSettings = {
				ALWAYS_SEARCH_USER_PATHS = NO;
				CLANG_ANALYZER_NONNULL = YES;
				CLANG_ANALYZER_NUMBER_OBJECT_CONVERSION = YES_AGGRESSIVE;
				CLANG_CXX_LANGUAGE_STANDARD = "gnu++20";
				CLANG_ENABLE_MODULES = YES;
				CLANG_ENABLE_OBJC_ARC = YES;
				CLANG_ENABLE_OBJC_WEAK = YES;
				CLANG_WARN_BLOCK_CAPTURE_AUTORELEASING = YES;
				CLANG_WARN_BOOL_CONVERSION = YES;
				CLANG_WARN_COMMA = YES;
				CLANG_WARN_CONSTANT_CONVERSION = YES;
				CLANG_WARN_DEPRECATED_OBJC_IMPLEMENTATIONS = YES;
				CLANG_WARN_DIRECT_OBJC_ISA_USAGE = YES_ERROR;
				CLANG_WARN_DOCUMENTATION_COMMENTS = YES;
				CLANG_WARN_EMPTY_BODY = YES;
				CLANG_WARN_ENUM_CONVERSION = YES;
				CLANG_WARN_INFINITE_RECURSION = YES;
				CLANG_WARN_INT_CONVERSION = YES;
				CLANG_WARN_NON_LITERAL_NULL_CONVERSION = YES;
				CLANG_WARN_OBJC_IMPLICIT_RETAIN_SELF = YES;
				CLANG_WARN_OBJC_LITERAL_CONVERSION = YES;
				CLANG_WARN_OBJC_ROOT_CLASS = YES_ERROR;
				CLANG_WARN_QUOTED_INCLUDE_IN_FRAMEWORK_HEADER = YES;
				CLANG_WARN_RANGE_LOOP_ANALYSIS = YES;
				CLANG_WARN_STRICT_PROTOTYPES = YES;
				CLANG_WARN_SUSPICIOUS_MOVE = YES;
				CLANG_WARN_UNGUARDED_AVAILABILITY = YES_AGGRESSIVE;
				CLANG_WARN_UNREACHABLE_CODE = YES;
				CLANG_WARN__DUPLICATE_METHOD_MATCH = YES;
				COPY_PHASE_STRIP = NO;
				DEBUG_INFORMATION_FORMAT = "dwarf-with-dsym";
				ENABLE_NS_ASSERTIONS = NO;
				ENABLE_STRICT_OBJC_MSGSEND = YES;
				GCC_C_LANGUAGE_STANDARD = gnu11;
				GCC_NO_COMMON_BLOCKS = YES;
				GCC_WARN_64_TO_32_BIT_CONVERSION = YES;
				GCC_WARN_ABOUT_RETURN_TYPE = YES_ERROR;
				GCC_WARN_UNDECLARED_SELECTOR = YES;
				GCC_WARN_UNINITIALIZED_AUTOS = YES_AGGRESSIVE;
				GCC_WARN_UNUSED_FUNCTION = YES;
				GCC_WARN_UNUSED_VARIABLE = YES;
				IPHONEOS_DEPLOYMENT_TARGET = 16.0;
				MTL_ENABLE_DEBUG_INFO = NO;
				MTL_FAST_MATH = YES;
				SDKROOT = iphoneos;
				SWIFT_COMPILATION_MODE = wholemodule;
				SWIFT_OPTIMIZATION_LEVEL = "-O";
				VALIDATE_PRODUCT = YES;
			};
			name = Release;
		};
		494D293E291C7C57002E2FA6 /* Debug */ = {
			isa = XCBuildConfiguration;
			buildSettings = {
				ASSETCATALOG_COMPILER_APPICON_NAME = AppIcon;
				ASSETCATALOG_COMPILER_GLOBAL_ACCENT_COLOR_NAME = AccentColor;
				CODE_SIGN_STYLE = Automatic;
				CURRENT_PROJECT_VERSION = 1;
				GENERATE_INFOPLIST_FILE = YES;
				INFOPLIST_FILE = TodoList/Info.plist;
				INFOPLIST_KEY_UIApplicationSupportsIndirectInputEvents = YES;
				INFOPLIST_KEY_UILaunchStoryboardName = LaunchScreen;
				INFOPLIST_KEY_UIMainStoryboardFile = Main;
				INFOPLIST_KEY_UISupportedInterfaceOrientations_iPad = "UIInterfaceOrientationPortrait UIInterfaceOrientationPortraitUpsideDown UIInterfaceOrientationLandscapeLeft UIInterfaceOrientationLandscapeRight";
				INFOPLIST_KEY_UISupportedInterfaceOrientations_iPhone = "UIInterfaceOrientationPortrait UIInterfaceOrientationLandscapeLeft UIInterfaceOrientationLandscapeRight";
				LD_RUNPATH_SEARCH_PATHS = (
					"$(inherited)",
					"@executable_path/Frameworks",
				);
				MARKETING_VERSION = 1.0;
				PRODUCT_BUNDLE_IDENTIFIER = kr.boanit.TodoList;
				PRODUCT_NAME = "$(TARGET_NAME)";
				SWIFT_EMIT_LOC_STRINGS = YES;
				SWIFT_VERSION = 5.0;
				TARGETED_DEVICE_FAMILY = "1,2";
			};
			name = Debug;
		};
		494D293F291C7C57002E2FA6 /* Release */ = {
			isa = XCBuildConfiguration;
			buildSettings = {
				ASSETCATALOG_COMPILER_APPICON_NAME = AppIcon;
				ASSETCATALOG_COMPILER_GLOBAL_ACCENT_COLOR_NAME = AccentColor;
				CODE_SIGN_STYLE = Automatic;
				CURRENT_PROJECT_VERSION = 1;
				GENERATE_INFOPLIST_FILE = YES;
				INFOPLIST_FILE = TodoList/Info.plist;
				INFOPLIST_KEY_UIApplicationSupportsIndirectInputEvents = YES;
				INFOPLIST_KEY_UILaunchStoryboardName = LaunchScreen;
				INFOPLIST_KEY_UIMainStoryboardFile = Main;
				INFOPLIST_KEY_UISupportedInterfaceOrientations_iPad = "UIInterfaceOrientationPortrait UIInterfaceOrientationPortraitUpsideDown UIInterfaceOrientationLandscapeLeft UIInterfaceOrientationLandscapeRight";
				INFOPLIST_KEY_UISupportedInterfaceOrientations_iPhone = "UIInterfaceOrientationPortrait UIInterfaceOrientationLandscapeLeft UIInterfaceOrientationLandscapeRight";
				LD_RUNPATH_SEARCH_PATHS = (
					"$(inherited)",
					"@executable_path/Frameworks",
				);
				MARKETING_VERSION = 1.0;
				PRODUCT_BUNDLE_IDENTIFIER = kr.boanit.TodoList;
				PRODUCT_NAME = "$(TARGET_NAME)";
				SWIFT_EMIT_LOC_STRINGS = YES;
				SWIFT_VERSION = 5.0;
				TARGETED_DEVICE_FAMILY = "1,2";
			};
			name = Release;
		};
		494D2941291C7C57002E2FA6 /* Debug */ = {
			isa = XCBuildConfiguration;
			buildSettings = {
				ALWAYS_EMBED_SWIFT_STANDARD_LIBRARIES = YES;
				BUNDLE_LOADER = "$(TEST_HOST)";
				CODE_SIGN_STYLE = Automatic;
				CURRENT_PROJECT_VERSION = 1;
				GENERATE_INFOPLIST_FILE = YES;
				IPHONEOS_DEPLOYMENT_TARGET = 16.0;
				MARKETING_VERSION = 1.0;
				PRODUCT_BUNDLE_IDENTIFIER = kr.boanit.TodoListTests;
				PRODUCT_NAME = "$(TARGET_NAME)";
				SWIFT_EMIT_LOC_STRINGS = NO;
				SWIFT_VERSION = 5.0;
				TARGETED_DEVICE_FAMILY = "1,2";
				TEST_HOST = "$(BUILT_PRODUCTS_DIR)/TodoList.app/$(BUNDLE_EXECUTABLE_FOLDER_PATH)/TodoList";
			};
			name = Debug;
		};
		494D2942291C7C57002E2FA6 /* Release */ = {
			isa = XCBuildConfiguration;
			buildSettings = {
				ALWAYS_EMBED_SWIFT_STANDARD_LIBRARIES = YES;
				BUNDLE_LOADER = "$(TEST_HOST)";
				CODE_SIGN_STYLE = Automatic;
				CURRENT_PROJECT_VERSION = 1;
				GENERATE_INFOPLIST_FILE = YES;
				IPHONEOS_DEPLOYMENT_TARGET = 16.0;
				MARKETING_VERSION = 1.0;
				PRODUCT_BUNDLE_IDENTIFIER = kr.boanit.TodoListTests;
				PRODUCT_NAME = "$(TARGET_NAME)";
				SWIFT_EMIT_LOC_STRINGS = NO;
				SWIFT_VERSION = 5.0;
				TARGETED_DEVICE_FAMILY = "1,2";
				TEST_HOST = "$(BUILT_PRODUCTS_DIR)/TodoList.app/$(BUNDLE_EXECUTABLE_FOLDER_PATH)/TodoList";
			};
			name = Release;
		};
		494D2944291C7C57002E2FA6 /* Debug */ = {
			isa = XCBuildConfiguration;
			buildSettings = {
				ALWAYS_EMBED_SWIFT_STANDARD_LIBRARIES = YES;
				CODE_SIGN_STYLE = Automatic;
				CURRENT_PROJECT_VERSION = 1;
				GENERATE_INFOPLIST_FILE = YES;
				MARKETING_VERSION = 1.0;
				PRODUCT_BUNDLE_IDENTIFIER = kr.boanit.TodoListUITests;
				PRODUCT_NAME = "$(TARGET_NAME)";
				SWIFT_EMIT_LOC_STRINGS = NO;
				SWIFT_VERSION = 5.0;
				TARGETED_DEVICE_FAMILY = "1,2";
				TEST_TARGET_NAME = TodoList;
			};
			name = Debug;
		};
		494D2945291C7C57002E2FA6 /* Release */ = {
			isa = XCBuildConfiguration;
			buildSettings = {
				ALWAYS_EMBED_SWIFT_STANDARD_LIBRARIES = YES;
				CODE_SIGN_STYLE = Automatic;
				CURRENT_PROJECT_VERSION = 1;
				GENERATE_INFOPLIST_FILE = YES;
				MARKETING_VERSION = 1.0;
				PRODUCT_BUNDLE_IDENTIFIER = kr.boanit.TodoListUITests;
				PRODUCT_NAME = "$(TARGET_NAME)";
				SWIFT_EMIT_LOC_STRINGS = NO;
				SWIFT_VERSION = 5.0;
				TARGETED_DEVICE_FAMILY = "1,2";
				TEST_TARGET_NAME = TodoList;
			};
			name = Release;
		};
/* End XCBuildConfiguration section */

/* Begin XCConfigurationList section */
		494D290B291C7C56002E2FA6 /* Build configuration list for PBXProject "TodoList" */ = {
			isa = XCConfigurationList;
			buildConfigurations = (
				494D293B291C7C57002E2FA6 /* Debug */,
				494D293C291C7C57002E2FA6 /* Release */,
			);
			defaultConfigurationIsVisible = 0;
			defaultConfigurationName = Release;
		};
		494D293D291C7C57002E2FA6 /* Build configuration list for PBXNativeTarget "TodoList" */ = {
			isa = XCConfigurationList;
			buildConfigurations = (
				494D293E291C7C57002E2FA6 /* Debug */,
				494D293F291C7C57002E2FA6 /* Release */,
			);
			defaultConfigurationIsVisible = 0;
			defaultConfigurationName = Release;
		};
		494D2940291C7C57002E2FA6 /* Build configuration list for PBXNativeTarget "TodoListTests" */ = {
			isa = XCConfigurationList;
			buildConfigurations = (
				494D2941291C7C57002E2FA6 /* Debug */,
				494D2942291C7C57002E2FA6 /* Release */,
			);
			defaultConfigurationIsVisible = 0;
			defaultConfigurationName = Release;
		};
		494D2943291C7C57002E2FA6 /* Build configuration list for PBXNativeTarget "TodoListUITests" */ = {
			isa = XCConfigurationList;
			buildConfigurations = (
				494D2944291C7C57002E2FA6 /* Debug */,
				494D2945291C7C57002E2FA6 /* Release */,
			);
			defaultConfigurationIsVisible = 0;
			defaultConfigurationName = Release;
		};
/* End XCConfigurationList section */

/* Begin XCVersionGroup section */
		494D291C291C7C56002E2FA6 /* TodoList.xcdatamodeld */ = {
			isa = XCVersionGroup;
			children = (
				494D291D291C7C56002E2FA6 /* TodoList.xcdatamodel */,
			);
			currentVersion = 494D291D291C7C56002E2FA6 /* TodoList.xcdatamodel */;
			path = TodoList.xcdatamodeld;
			sourceTree = "<group>";
			versionGroupType = wrapper.xcdatamodel;
		};
/* End XCVersionGroup section */
	};
	rootObject = 494D2908291C7C56002E2FA6 /* Project object */;
}
